
Microsoft Visual Studio Solution File, Format Version 12.00
# Visual Studio 15
VisualStudioVersion = 15.0.28307.168
MinimumVisualStudioVersion = 10.0.40219.1
Project("{9A19103F-16F7-4668-BE54-9A1E7A4F7556}") = "Template.Models", "Template.Models\Template.Models.csproj", "{B5CECA73-6018-43F9-9526-BBFA538CC4A8}"
EndProject
Project("{9A19103F-16F7-4668-BE54-9A1E7A4F7556}") = "Template.Api", "Template.Api\Template.Api.csproj", "{4E5A067D-52BD-4E5D-B101-D54BFCD72811}"
EndProject
Project("{9A19103F-16F7-4668-BE54-9A1E7A4F7556}") = "Template.Configuration", "Template.Configuration\Template.Configuration.csproj", "{7CD0CB20-E8F0-4B59-98AA-E73314CE8EF5}"
EndProject
Project("{9A19103F-16F7-4668-BE54-9A1E7A4F7556}") = "Template.Services", "Template.Services\Template.Services.csproj", "{FE7B123D-D941-4BEB-BDBD-63719C003A70}"
EndProject
Project("{FAE04EC0-301F-11D3-BF4B-00C04F79EFBC}") = "Template.Tests", "Template.Tests\Template.Tests.csproj", "{0BC64A7B-7726-45A8-804E-974223AF9CA8}"
EndProject
Global
	GlobalSection(SolutionConfigurationPlatforms) = preSolution
		Debug|Any CPU = Debug|Any CPU
		Release|Any CPU = Release|Any CPU
	EndGlobalSection
	GlobalSection(ProjectConfigurationPlatforms) = postSolution
		{B5CECA73-6018-43F9-9526-BBFA538CC4A8}.Debug|Any CPU.ActiveCfg = Debug|Any CPU
		{B5CECA73-6018-43F9-9526-BBFA538CC4A8}.Debug|Any CPU.Build.0 = Debug|Any CPU
		{B5CECA73-6018-43F9-9526-BBFA538CC4A8}.Release|Any CPU.ActiveCfg = Release|Any CPU
		{B5CECA73-6018-43F9-9526-BBFA538CC4A8}.Release|Any CPU.Build.0 = Release|Any CPU
		{4E5A067D-52BD-4E5D-B101-D54BFCD72811}.Debug|Any CPU.ActiveCfg = Debug|Any CPU
		{4E5A067D-52BD-4E5D-B101-D54BFCD72811}.Debug|Any CPU.Build.0 = Debug|Any CPU
		{4E5A067D-52BD-4E5D-B101-D54BFCD72811}.Release|Any CPU.ActiveCfg = Release|Any CPU
		{4E5A067D-52BD-4E5D-B101-D54BFCD72811}.Release|Any CPU.Build.0 = Release|Any CPU
		{7CD0CB20-E8F0-4B59-98AA-E73314CE8EF5}.Debug|Any CPU.ActiveCfg = Debug|Any CPU
		{7CD0CB20-E8F0-4B59-98AA-E73314CE8EF5}.Debug|Any CPU.Build.0 = Debug|Any CPU
		{7CD0CB20-E8F0-4B59-98AA-E73314CE8EF5}.Release|Any CPU.ActiveCfg = Release|Any CPU
		{7CD0CB20-E8F0-4B59-98AA-E73314CE8EF5}.Release|Any CPU.Build.0 = Release|Any CPU
		{FE7B123D-D941-4BEB-BDBD-63719C003A70}.Debug|Any CPU.ActiveCfg = Debug|Any CPU
		{FE7B123D-D941-4BEB-BDBD-63719C003A70}.Debug|Any CPU.Build.0 = Debug|Any CPU
		{FE7B123D-D941-4BEB-BDBD-63719C003A70}.Release|Any CPU.ActiveCfg = Release|Any CPU
		{FE7B123D-D941-4BEB-BDBD-63719C003A70}.Release|Any CPU.Build.0 = Release|Any CPU
		{0BC64A7B-7726-45A8-804E-974223AF9CA8}.Debug|Any CPU.ActiveCfg = Debug|Any CPU
		{0BC64A7B-7726-45A8-804E-974223AF9CA8}.Debug|Any CPU.Build.0 = Debug|Any CPU
		{0BC64A7B-7726-45A8-804E-974223AF9CA8}.Release|Any CPU.ActiveCfg = Release|Any CPU
		{0BC64A7B-7726-45A8-804E-974223AF9CA8}.Release|Any CPU.Build.0 = Release|Any CPU
	EndGlobalSection
	GlobalSection(SolutionProperties) = preSolution
		HideSolutionNode = FALSE
	EndGlobalSection
	GlobalSection(ExtensibilityGlobals) = postSolution
		SolutionGuid = {7C94138C-2533-4866-B0A5-81CEC0DE8895}
	EndGlobalSection
EndGlobal
